PODS:
  - SwiftGifOrigin (1.7.0)
  - UnderKeyboard (13.0.2)

DEPENDENCIES:
  - SwiftGifOrigin
  - UnderKeyboard

SPEC REPOS:
  trunk:
    - SwiftGifOrigin
    - UnderKeyboard

SPEC CHECKSUMS:
  SwiftGifOrigin: fbd6cf37afcfcf97a5c3db996ddc0492e5c5c145
  UnderKeyboard: 79ea6feb497af99c1856aaae0ab8ded3c739f745

PODFILE CHECKSUM: 6783a787208bfaaeaeb0db0d8e075ff8c23a8728

COCOAPODS: 1.9.1
