// !$*UTF8*$!
{
	archiveVersion = 1;
	classes = {
	};
	objectVersion = 51;
	objects = {

/* Begin PBXBuildFile section */
		3B4CDB178A33FB0DF2274A32 /* Pods_ChatbotTests.framework in Frameworks */ = {isa = PBXBuildFile; fileRef = BCB027C2D2CB38C298F3665E /* Pods_ChatbotTests.framework */; };
		668E3B1C2428C22D0049BF7C /* AppDelegate.swift in Sources */ = {isa = PBXBuildFile; fileRef = 668E3B1B2428C22D0049BF7C /* AppDelegate.swift */; };
		668E3B1E2428C22D0049BF7C /* SceneDelegate.swift in Sources */ = {isa = PBXBuildFile; fileRef = 668E3B1D2428C22D0049BF7C /* SceneDelegate.swift */; };
		668E3B252428C22F0049BF7C /* Assets.xcassets in Resources */ = {isa = PBXBuildFile; fileRef = 668E3B242428C22F0049BF7C /* Assets.xcassets */; };
		668E3B282428C22F0049BF7C /* LaunchScreen.storyboard in Resources */ = {isa = PBXBuildFile; fileRef = 668E3B262428C22F0049BF7C /* LaunchScreen.storyboard */; };
		668E3B352428C5B60049BF7C /* Handlers.swift in Sources */ = {isa = PBXBuildFile; fileRef = 668E3B342428C5B60049BF7C /* Handlers.swift */; };
		668E3B372428C77E0049BF7C /* Router.swift in Sources */ = {isa = PBXBuildFile; fileRef = 668E3B362428C77E0049BF7C /* Router.swift */; };
		668E3B392428D9880049BF7C /* ChatbotWebApp.swift in Sources */ = {isa = PBXBuildFile; fileRef = 668E3B382428D9880049BF7C /* ChatbotWebApp.swift */; };
		668E3B492428FA790049BF7C /* RemoteChatbotServer.swift in Sources */ = {isa = PBXBuildFile; fileRef = 668E3B482428FA790049BF7C /* RemoteChatbotServer.swift */; };
		668E3B4C242905C90049BF7C /* MockLocalChatbotServerTests.swift in Sources */ = {isa = PBXBuildFile; fileRef = 668E3B4B242905C90049BF7C /* MockLocalChatbotServerTests.swift */; };
		668E3B4E242966690049BF7C /* Questionnaire.swift in Sources */ = {isa = PBXBuildFile; fileRef = 668E3B4D242966690049BF7C /* Questionnaire.swift */; };
		668E3B50242966A00049BF7C /* WelcomeBot.swift in Sources */ = {isa = PBXBuildFile; fileRef = 668E3B4F242966A00049BF7C /* WelcomeBot.swift */; };
		668E3B52242966CA0049BF7C /* Chatbot.swift in Sources */ = {isa = PBXBuildFile; fileRef = 668E3B51242966CA0049BF7C /* Chatbot.swift */; };
		668E3B54242968EA0049BF7C /* ServerConfiguration.swift in Sources */ = {isa = PBXBuildFile; fileRef = 668E3B53242968EA0049BF7C /* ServerConfiguration.swift */; };
		668E3B56242973580049BF7C /* Main.storyboard in Resources */ = {isa = PBXBuildFile; fileRef = 668E3B55242973580049BF7C /* Main.storyboard */; };
		668E3B58242973670049BF7C /* ChatViewController.swift in Sources */ = {isa = PBXBuildFile; fileRef = 668E3B57242973670049BF7C /* ChatViewController.swift */; };
		668E3B5A2429803A0049BF7C /* ChatBubbleTableViewCell.swift in Sources */ = {isa = PBXBuildFile; fileRef = 668E3B592429803A0049BF7C /* ChatBubbleTableViewCell.swift */; };
		668E3B622429C1BC0049BF7C /* botTypingCell.swift in Sources */ = {isa = PBXBuildFile; fileRef = 668E3B612429C1BC0049BF7C /* botTypingCell.swift */; };
		66E7C0E3242A82CC00CAB275 /* typing.gif in Resources */ = {isa = PBXBuildFile; fileRef = 66E7C0E1242A823200CAB275 /* typing.gif */; };
		66E7C0E7242A843F00CAB275 /* MessageInputField.xib in Resources */ = {isa = PBXBuildFile; fileRef = 66E7C0E6242A843F00CAB275 /* MessageInputField.xib */; };
		66E7C0E9242A845A00CAB275 /* MessageInputField.swift in Sources */ = {isa = PBXBuildFile; fileRef = 66E7C0E8242A845A00CAB275 /* MessageInputField.swift */; };
		66E7C0EB242B3B6A00CAB275 /* XibView.swift in Sources */ = {isa = PBXBuildFile; fileRef = 66E7C0EA242B3B6A00CAB275 /* XibView.swift */; };
		66E7C0F0242B58B900CAB275 /* MessageSelectionField.xib in Resources */ = {isa = PBXBuildFile; fileRef = 66E7C0EF242B58B900CAB275 /* MessageSelectionField.xib */; };
		66E7C0F2242B58C400CAB275 /* MessageTextField.xib in Resources */ = {isa = PBXBuildFile; fileRef = 66E7C0F1242B58C400CAB275 /* MessageTextField.xib */; };
		66E7C0F4242B58EC00CAB275 /* MessageSelectionField.swift in Sources */ = {isa = PBXBuildFile; fileRef = 66E7C0F3242B58EC00CAB275 /* MessageSelectionField.swift */; };
		66E7C0F6242B58F900CAB275 /* MessageTextField.swift in Sources */ = {isa = PBXBuildFile; fileRef = 66E7C0F5242B58F900CAB275 /* MessageTextField.swift */; };
		66E7C0F9242B621400CAB275 /* UIViewExtensions.swift in Sources */ = {isa = PBXBuildFile; fileRef = 66E7C0F8242B621400CAB275 /* UIViewExtensions.swift */; };
		D55C84EF6BA7CCE6CDFEE314 /* Pods_Chatbot.framework in Frameworks */ = {isa = PBXBuildFile; fileRef = A021AFB017D2A419DCBB6B24 /* Pods_Chatbot.framework */; };
/* End PBXBuildFile section */

/* Begin PBXContainerItemProxy section */
		668E3B432428DB980049BF7C /* PBXContainerItemProxy */ = {
			isa = PBXContainerItemProxy;
			containerPortal = 668E3B102428C22D0049BF7C /* Project object */;
			proxyType = 1;
			remoteGlobalIDString = 668E3B172428C22D0049BF7C;
			remoteInfo = Chatbot;
		};
/* End PBXContainerItemProxy section */

/* Begin PBXFileReference section */
		244E51AE3BC73B9E5343E162 /* Pods-ChatbotTests.debug.xcconfig */ = {isa = PBXFileReference; includeInIndex = 1; lastKnownFileType = text.xcconfig; name = "Pods-ChatbotTests.debug.xcconfig"; path = "Target Support Files/Pods-ChatbotTests/Pods-ChatbotTests.debug.xcconfig"; sourceTree = "<group>"; };
		4D732E4144355E7677D53A9C /* Pods-Chatbot.debug.xcconfig */ = {isa = PBXFileReference; includeInIndex = 1; lastKnownFileType = text.xcconfig; name = "Pods-Chatbot.debug.xcconfig"; path = "Target Support Files/Pods-Chatbot/Pods-Chatbot.debug.xcconfig"; sourceTree = "<group>"; };
		55A771E169D5861BD30420DF /* Pods-ChatbotTests.release.xcconfig */ = {isa = PBXFileReference; includeInIndex = 1; lastKnownFileType = text.xcconfig; name = "Pods-ChatbotTests.release.xcconfig"; path = "Target Support Files/Pods-ChatbotTests/Pods-ChatbotTests.release.xcconfig"; sourceTree = "<group>"; };
		5F0D7D6E846B27CB370456E6 /* Pods-Chatbot.release.xcconfig */ = {isa = PBXFileReference; includeInIndex = 1; lastKnownFileType = text.xcconfig; name = "Pods-Chatbot.release.xcconfig"; path = "Target Support Files/Pods-Chatbot/Pods-Chatbot.release.xcconfig"; sourceTree = "<group>"; };
		668E3B182428C22D0049BF7C /* Chatbot.app */ = {isa = PBXFileReference; explicitFileType = wrapper.application; includeInIndex = 0; path = Chatbot.app; sourceTree = BUILT_PRODUCTS_DIR; };
		668E3B1B2428C22D0049BF7C /* AppDelegate.swift */ = {isa = PBXFileReference; lastKnownFileType = sourcecode.swift; path = AppDelegate.swift; sourceTree = "<group>"; };
		668E3B1D2428C22D0049BF7C /* SceneDelegate.swift */ = {isa = PBXFileReference; lastKnownFileType = sourcecode.swift; path = SceneDelegate.swift; sourceTree = "<group>"; };
		668E3B242428C22F0049BF7C /* Assets.xcassets */ = {isa = PBXFileReference; lastKnownFileType = folder.assetcatalog; path = Assets.xcassets; sourceTree = "<group>"; };
		668E3B272428C22F0049BF7C /* Base */ = {isa = PBXFileReference; lastKnownFileType = file.storyboard; name = Base; path = Base.lproj/LaunchScreen.storyboard; sourceTree = "<group>"; };
		668E3B292428C22F0049BF7C /* Info.plist */ = {isa = PBXFileReference; lastKnownFileType = text.plist.xml; path = Info.plist; sourceTree = "<group>"; };
		668E3B342428C5B60049BF7C /* Handlers.swift */ = {isa = PBXFileReference; lastKnownFileType = sourcecode.swift; path = Handlers.swift; sourceTree = "<group>"; };
		668E3B362428C77E0049BF7C /* Router.swift */ = {isa = PBXFileReference; lastKnownFileType = sourcecode.swift; path = Router.swift; sourceTree = "<group>"; };
		668E3B382428D9880049BF7C /* ChatbotWebApp.swift */ = {isa = PBXFileReference; lastKnownFileType = sourcecode.swift; path = ChatbotWebApp.swift; sourceTree = "<group>"; };
		668E3B3E2428DB980049BF7C /* ChatbotTests.xctest */ = {isa = PBXFileReference; explicitFileType = wrapper.cfbundle; includeInIndex = 0; path = ChatbotTests.xctest; sourceTree = BUILT_PRODUCTS_DIR; };
		668E3B422428DB980049BF7C /* Info.plist */ = {isa = PBXFileReference; lastKnownFileType = text.plist.xml; path = Info.plist; sourceTree = "<group>"; };
		668E3B482428FA790049BF7C /* RemoteChatbotServer.swift */ = {isa = PBXFileReference; lastKnownFileType = sourcecode.swift; path = RemoteChatbotServer.swift; sourceTree = "<group>"; };
		668E3B4A242905C80049BF7C /* ChatbotTests-Bridging-Header.h */ = {isa = PBXFileReference; lastKnownFileType = sourcecode.c.h; path = "ChatbotTests-Bridging-Header.h"; sourceTree = "<group>"; };
		668E3B4B242905C90049BF7C /* MockLocalChatbotServerTests.swift */ = {isa = PBXFileReference; fileEncoding = 4; lastKnownFileType = sourcecode.swift; path = MockLocalChatbotServerTests.swift; sourceTree = "<group>"; };
		668E3B4D242966690049BF7C /* Questionnaire.swift */ = {isa = PBXFileReference; lastKnownFileType = sourcecode.swift; path = Questionnaire.swift; sourceTree = "<group>"; };
		668E3B4F242966A00049BF7C /* WelcomeBot.swift */ = {isa = PBXFileReference; lastKnownFileType = sourcecode.swift; path = WelcomeBot.swift; sourceTree = "<group>"; };
		668E3B51242966CA0049BF7C /* Chatbot.swift */ = {isa = PBXFileReference; lastKnownFileType = sourcecode.swift; path = Chatbot.swift; sourceTree = "<group>"; };
		668E3B53242968EA0049BF7C /* ServerConfiguration.swift */ = {isa = PBXFileReference; lastKnownFileType = sourcecode.swift; path = ServerConfiguration.swift; sourceTree = "<group>"; };
		668E3B55242973580049BF7C /* Main.storyboard */ = {isa = PBXFileReference; lastKnownFileType = file.storyboard; path = Main.storyboard; sourceTree = "<group>"; };
		668E3B57242973670049BF7C /* ChatViewController.swift */ = {isa = PBXFileReference; lastKnownFileType = sourcecode.swift; path = ChatViewController.swift; sourceTree = "<group>"; };
		668E3B592429803A0049BF7C /* ChatBubbleTableViewCell.swift */ = {isa = PBXFileReference; lastKnownFileType = sourcecode.swift; path = ChatBubbleTableViewCell.swift; sourceTree = "<group>"; };
		668E3B612429C1BC0049BF7C /* botTypingCell.swift */ = {isa = PBXFileReference; lastKnownFileType = sourcecode.swift; path = botTypingCell.swift; sourceTree = "<group>"; };
		66E7C0E1242A823200CAB275 /* typing.gif */ = {isa = PBXFileReference; lastKnownFileType = image.gif; path = typing.gif; sourceTree = "<group>"; };
		66E7C0E6242A843F00CAB275 /* MessageInputField.xib */ = {isa = PBXFileReference; lastKnownFileType = file.xib; path = MessageInputField.xib; sourceTree = "<group>"; };
		66E7C0E8242A845A00CAB275 /* MessageInputField.swift */ = {isa = PBXFileReference; lastKnownFileType = sourcecode.swift; path = MessageInputField.swift; sourceTree = "<group>"; };
		66E7C0EA242B3B6A00CAB275 /* XibView.swift */ = {isa = PBXFileReference; lastKnownFileType = sourcecode.swift; path = XibView.swift; sourceTree = "<group>"; };
		66E7C0EF242B58B900CAB275 /* MessageSelectionField.xib */ = {isa = PBXFileReference; lastKnownFileType = file.xib; path = MessageSelectionField.xib; sourceTree = "<group>"; };
		66E7C0F1242B58C400CAB275 /* MessageTextField.xib */ = {isa = PBXFileReference; lastKnownFileType = file.xib; path = MessageTextField.xib; sourceTree = "<group>"; };
		66E7C0F3242B58EC00CAB275 /* MessageSelectionField.swift */ = {isa = PBXFileReference; lastKnownFileType = sourcecode.swift; path = MessageSelectionField.swift; sourceTree = "<group>"; };
		66E7C0F5242B58F900CAB275 /* MessageTextField.swift */ = {isa = PBXFileReference; lastKnownFileType = sourcecode.swift; path = MessageTextField.swift; sourceTree = "<group>"; };
		66E7C0F8242B621400CAB275 /* UIViewExtensions.swift */ = {isa = PBXFileReference; lastKnownFileType = sourcecode.swift; path = UIViewExtensions.swift; sourceTree = "<group>"; };
		A021AFB017D2A419DCBB6B24 /* Pods_Chatbot.framework */ = {isa = PBXFileReference; explicitFileType = wrapper.framework; includeInIndex = 0; path = Pods_Chatbot.framework; sourceTree = BUILT_PRODUCTS_DIR; };
		BCB027C2D2CB38C298F3665E /* Pods_ChatbotTests.framework */ = {isa = PBXFileReference; explicitFileType = wrapper.framework; includeInIndex = 0; path = Pods_ChatbotTests.framework; sourceTree = BUILT_PRODUCTS_DIR; };
/* End PBXFileReference section */

/* Begin PBXFrameworksBuildPhase section */
		668E3B152428C22D0049BF7C /* Frameworks */ = {
			isa = PBXFrameworksBuildPhase;
			buildActionMask = 2147483647;
			files = (
				D55C84EF6BA7CCE6CDFEE314 /* Pods_Chatbot.framework in Frameworks */,
			);
			runOnlyForDeploymentPostprocessing = 0;
		};
		668E3B3B2428DB980049BF7C /* Frameworks */ = {
			isa = PBXFrameworksBuildPhase;
			buildActionMask = 2147483647;
			files = (
				3B4CDB178A33FB0DF2274A32 /* Pods_ChatbotTests.framework in Frameworks */,
			);
			runOnlyForDeploymentPostprocessing = 0;
		};
/* End PBXFrameworksBuildPhase section */

/* Begin PBXGroup section */
		145E4DA15FE395D25D6E31DB /* Pods */ = {
			isa = PBXGroup;
			children = (
				4D732E4144355E7677D53A9C /* Pods-Chatbot.debug.xcconfig */,
				5F0D7D6E846B27CB370456E6 /* Pods-Chatbot.release.xcconfig */,
				244E51AE3BC73B9E5343E162 /* Pods-ChatbotTests.debug.xcconfig */,
				55A771E169D5861BD30420DF /* Pods-ChatbotTests.release.xcconfig */,
			);
			path = Pods;
			sourceTree = "<group>";
		};
		668E3B0F2428C22D0049BF7C = {
			isa = PBXGroup;
			children = (
				668E3B1A2428C22D0049BF7C /* Chatbot */,
				668E3B3F2428DB980049BF7C /* ChatbotTests */,
				668E3B192428C22D0049BF7C /* Products */,
				145E4DA15FE395D25D6E31DB /* Pods */,
				A8E23A60ECEFEF9274D8E1CE /* Frameworks */,
			);
			sourceTree = "<group>";
		};
		668E3B192428C22D0049BF7C /* Products */ = {
			isa = PBXGroup;
			children = (
				668E3B182428C22D0049BF7C /* Chatbot.app */,
				668E3B3E2428DB980049BF7C /* ChatbotTests.xctest */,
			);
			name = Products;
			sourceTree = "<group>";
		};
		668E3B1A2428C22D0049BF7C /* Chatbot */ = {
			isa = PBXGroup;
			children = (
				66E7C0E2242A823800CAB275 /* Networking */,
				66E7C0E0242A822A00CAB275 /* Assets */,
				668E3B332428C58A0049BF7C /* Server */,
				668E3B2F2428C5240049BF7C /* App Lifecycle */,
				668E3B302428C5380049BF7C /* View */,
				66E7C0F7242B61FB00CAB275 /* Extensions */,
				668E3B292428C22F0049BF7C /* Info.plist */,
			);
			path = Chatbot;
			sourceTree = "<group>";
		};
		668E3B2F2428C5240049BF7C /* App Lifecycle */ = {
			isa = PBXGroup;
			children = (
				668E3B1B2428C22D0049BF7C /* AppDelegate.swift */,
				668E3B1D2428C22D0049BF7C /* SceneDelegate.swift */,
			);
			path = "App Lifecycle";
			sourceTree = "<group>";
		};
		668E3B302428C5380049BF7C /* View */ = {
			isa = PBXGroup;
			children = (
				66E7C0E5242A842800CAB275 /* Components */,
				66E7C0E4242A830000CAB275 /* View Controllers */,
				668E3B5B24298DF10049BF7C /* Cells */,
				668E3B312428C5470049BF7C /* Storyboards */,
				66E7C0EA242B3B6A00CAB275 /* XibView.swift */,
			);
			path = View;
			sourceTree = "<group>";
		};
		668E3B312428C5470049BF7C /* Storyboards */ = {
			isa = PBXGroup;
			children = (
				668E3B262428C22F0049BF7C /* LaunchScreen.storyboard */,
				668E3B55242973580049BF7C /* Main.storyboard */,
			);
			path = Storyboards;
			sourceTree = "<group>";
		};
		668E3B332428C58A0049BF7C /* Server */ = {
			isa = PBXGroup;
			children = (
				668E3B342428C5B60049BF7C /* Handlers.swift */,
				668E3B362428C77E0049BF7C /* Router.swift */,
				668E3B382428D9880049BF7C /* ChatbotWebApp.swift */,
				668E3B4D242966690049BF7C /* Questionnaire.swift */,
				668E3B4F242966A00049BF7C /* WelcomeBot.swift */,
				668E3B51242966CA0049BF7C /* Chatbot.swift */,
				668E3B53242968EA0049BF7C /* ServerConfiguration.swift */,
			);
			path = Server;
			sourceTree = "<group>";
		};
		668E3B3F2428DB980049BF7C /* ChatbotTests */ = {
			isa = PBXGroup;
			children = (
				668E3B4B242905C90049BF7C /* MockLocalChatbotServerTests.swift */,
				668E3B422428DB980049BF7C /* Info.plist */,
				668E3B4A242905C80049BF7C /* ChatbotTests-Bridging-Header.h */,
			);
			path = ChatbotTests;
			sourceTree = "<group>";
		};
		668E3B5B24298DF10049BF7C /* Cells */ = {
			isa = PBXGroup;
			children = (
				668E3B592429803A0049BF7C /* ChatBubbleTableViewCell.swift */,
				668E3B612429C1BC0049BF7C /* botTypingCell.swift */,
			);
			path = Cells;
			sourceTree = "<group>";
		};
		66E7C0E0242A822A00CAB275 /* Assets */ = {
			isa = PBXGroup;
			children = (
				668E3B242428C22F0049BF7C /* Assets.xcassets */,
				66E7C0E1242A823200CAB275 /* typing.gif */,
			);
			path = Assets;
			sourceTree = "<group>";
		};
		66E7C0E2242A823800CAB275 /* Networking */ = {
			isa = PBXGroup;
			children = (
				668E3B482428FA790049BF7C /* RemoteChatbotServer.swift */,
			);
			path = Networking;
			sourceTree = "<group>";
		};
		66E7C0E4242A830000CAB275 /* View Controllers */ = {
			isa = PBXGroup;
			children = (
				668E3B57242973670049BF7C /* ChatViewController.swift */,
			);
			path = "View Controllers";
			sourceTree = "<group>";
		};
		66E7C0E5242A842800CAB275 /* Components */ = {
			isa = PBXGroup;
			children = (
				66E7C0EE242B588500CAB275 /* MessageSelectionField */,
				66E7C0ED242B586900CAB275 /* MessageTextField */,
				66E7C0EC242B585700CAB275 /* MessageInputField */,
			);
			path = Components;
			sourceTree = "<group>";
		};
		66E7C0EC242B585700CAB275 /* MessageInputField */ = {
			isa = PBXGroup;
			children = (
				66E7C0E6242A843F00CAB275 /* MessageInputField.xib */,
				66E7C0E8242A845A00CAB275 /* MessageInputField.swift */,
			);
			path = MessageInputField;
			sourceTree = "<group>";
		};
		66E7C0ED242B586900CAB275 /* MessageTextField */ = {
			isa = PBXGroup;
			children = (
				66E7C0F1242B58C400CAB275 /* MessageTextField.xib */,
				66E7C0F5242B58F900CAB275 /* MessageTextField.swift */,
			);
			path = MessageTextField;
			sourceTree = "<group>";
		};
		66E7C0EE242B588500CAB275 /* MessageSelectionField */ = {
			isa = PBXGroup;
			children = (
				66E7C0EF242B58B900CAB275 /* MessageSelectionField.xib */,
				66E7C0F3242B58EC00CAB275 /* MessageSelectionField.swift */,
			);
			path = MessageSelectionField;
			sourceTree = "<group>";
		};
		66E7C0F7242B61FB00CAB275 /* Extensions */ = {
			isa = PBXGroup;
			children = (
				66E7C0F8242B621400CAB275 /* UIViewExtensions.swift */,
			);
			path = Extensions;
			sourceTree = "<group>";
		};
		A8E23A60ECEFEF9274D8E1CE /* Frameworks */ = {
			isa = PBXGroup;
			children = (
				A021AFB017D2A419DCBB6B24 /* Pods_Chatbot.framework */,
				BCB027C2D2CB38C298F3665E /* Pods_ChatbotTests.framework */,
			);
			name = Frameworks;
			sourceTree = "<group>";
		};
/* End PBXGroup section */

/* Begin PBXNativeTarget section */
		668E3B172428C22D0049BF7C /* Chatbot */ = {
			isa = PBXNativeTarget;
			buildConfigurationList = 668E3B2C2428C22F0049BF7C /* Build configuration list for PBXNativeTarget "Chatbot" */;
			buildPhases = (
				89C67067CB24E5552F8E703A /* [CP] Check Pods Manifest.lock */,
				668E3B142428C22D0049BF7C /* Sources */,
				668E3B152428C22D0049BF7C /* Frameworks */,
				668E3B162428C22D0049BF7C /* Resources */,
				59E5DE17823594440835E8C5 /* [CP] Embed Pods Frameworks */,
			);
			buildRules = (
			);
			dependencies = (
			);
			name = Chatbot;
			productName = Chatbot;
			productReference = 668E3B182428C22D0049BF7C /* Chatbot.app */;
			productType = "com.apple.product-type.application";
		};
		668E3B3D2428DB980049BF7C /* ChatbotTests */ = {
			isa = PBXNativeTarget;
			buildConfigurationList = 668E3B452428DB980049BF7C /* Build configuration list for PBXNativeTarget "ChatbotTests" */;
			buildPhases = (
				67F015670FFFC0DDBEEFEB0B /* [CP] Check Pods Manifest.lock */,
				668E3B3A2428DB980049BF7C /* Sources */,
				668E3B3B2428DB980049BF7C /* Frameworks */,
				668E3B3C2428DB980049BF7C /* Resources */,
			);
			buildRules = (
			);
			dependencies = (
				668E3B442428DB980049BF7C /* PBXTargetDependency */,
			);
			name = ChatbotTests;
			productName = ChatbotTests;
			productReference = 668E3B3E2428DB980049BF7C /* ChatbotTests.xctest */;
			productType = "com.apple.product-type.bundle.unit-test";
		};
/* End PBXNativeTarget section */

/* Begin PBXProject section */
		668E3B102428C22D0049BF7C /* Project object */ = {
			isa = PBXProject;
			attributes = {
				LastSwiftUpdateCheck = 1130;
				LastUpgradeCheck = 1130;
				ORGANIZATIONNAME = "Avihu Turzion";
				TargetAttributes = {
					668E3B172428C22D0049BF7C = {
						CreatedOnToolsVersion = 11.3.1;
					};
					668E3B3D2428DB980049BF7C = {
						CreatedOnToolsVersion = 11.3.1;
						LastSwiftMigration = 1130;
						TestTargetID = 668E3B172428C22D0049BF7C;
					};
				};
			};
			buildConfigurationList = 668E3B132428C22D0049BF7C /* Build configuration list for PBXProject "Chatbot" */;
			compatibilityVersion = "Xcode 9.3";
			developmentRegion = en;
			hasScannedForEncodings = 0;
			knownRegions = (
				en,
				Base,
			);
			mainGroup = 668E3B0F2428C22D0049BF7C;
			productRefGroup = 668E3B192428C22D0049BF7C /* Products */;
			projectDirPath = "";
			projectRoot = "";
			targets = (
				668E3B172428C22D0049BF7C /* Chatbot */,
				668E3B3D2428DB980049BF7C /* ChatbotTests */,
			);
		};
/* End PBXProject section */

/* Begin PBXResourcesBuildPhase section */
		668E3B162428C22D0049BF7C /* Resources */ = {
			isa = PBXResourcesBuildPhase;
			buildActionMask = 2147483647;
			files = (
				668E3B56242973580049BF7C /* Main.storyboard in Resources */,
				66E7C0F0242B58B900CAB275 /* MessageSelectionField.xib in Resources */,
				66E7C0E3242A82CC00CAB275 /* typing.gif in Resources */,
				66E7C0F2242B58C400CAB275 /* MessageTextField.xib in Resources */,
				668E3B282428C22F0049BF7C /* LaunchScreen.storyboard in Resources */,
				668E3B252428C22F0049BF7C /* Assets.xcassets in Resources */,
				66E7C0E7242A843F00CAB275 /* MessageInputField.xib in Resources */,
			);
			runOnlyForDeploymentPostprocessing = 0;
		};
		668E3B3C2428DB980049BF7C /* Resources */ = {
			isa = PBXResourcesBuildPhase;
			buildActionMask = 2147483647;
			files = (
			);
			runOnlyForDeploymentPostprocessing = 0;
		};
/* End PBXResourcesBuildPhase section */

/* Begin PBXShellScriptBuildPhase section */
		59E5DE17823594440835E8C5 /* [CP] Embed Pods Frameworks */ = {
			isa = PBXShellScriptBuildPhase;
			buildActionMask = 2147483647;
			files = (
			);
			inputFileListPaths = (
				"${PODS_ROOT}/Target Support Files/Pods-Chatbot/Pods-Chatbot-frameworks-${CONFIGURATION}-input-files.xcfilelist",
			);
			name = "[CP] Embed Pods Frameworks";
			outputFileListPaths = (
				"${PODS_ROOT}/Target Support Files/Pods-Chatbot/Pods-Chatbot-frameworks-${CONFIGURATION}-output-files.xcfilelist",
			);
			runOnlyForDeploymentPostprocessing = 0;
			shellPath = /bin/sh;
			shellScript = "\"${PODS_ROOT}/Target Support Files/Pods-Chatbot/Pods-Chatbot-frameworks.sh\"\n";
			showEnvVarsInLog = 0;
		};
		67F015670FFFC0DDBEEFEB0B /* [CP] Check Pods Manifest.lock */ = {
			isa = PBXShellScriptBuildPhase;
			buildActionMask = 2147483647;
			files = (
			);
			inputFileListPaths = (
			);
			inputPaths = (
				"${PODS_PODFILE_DIR_PATH}/Podfile.lock",
				"${PODS_ROOT}/Manifest.lock",
			);
			name = "[CP] Check Pods Manifest.lock";
			outputFileListPaths = (
			);
			outputPaths = (
				"$(DERIVED_FILE_DIR)/Pods-ChatbotTests-checkManifestLockResult.txt",
			);
			runOnlyForDeploymentPostprocessing = 0;
			shellPath = /bin/sh;
			shellScript = "diff \"${PODS_PODFILE_DIR_PATH}/Podfile.lock\" \"${PODS_ROOT}/Manifest.lock\" > /dev/null\nif [ $? != 0 ] ; then\n    # print error to STDERR\n    echo \"error: The sandbox is not in sync with the Podfile.lock. Run 'pod install' or update your CocoaPods installation.\" >&2\n    exit 1\nfi\n# This output is used by Xcode 'outputs' to avoid re-running this script phase.\necho \"SUCCESS\" > \"${SCRIPT_OUTPUT_FILE_0}\"\n";
			showEnvVarsInLog = 0;
		};
		89C67067CB24E5552F8E703A /* [CP] Check Pods Manifest.lock */ = {
			isa = PBXShellScriptBuildPhase;
			buildActionMask = 2147483647;
			files = (
			);
			inputFileListPaths = (
			);
			inputPaths = (
				"${PODS_PODFILE_DIR_PATH}/Podfile.lock",
				"${PODS_ROOT}/Manifest.lock",
			);
			name = "[CP] Check Pods Manifest.lock";
			outputFileListPaths = (
			);
			outputPaths = (
				"$(DERIVED_FILE_DIR)/Pods-Chatbot-checkManifestLockResult.txt",
			);
			runOnlyForDeploymentPostprocessing = 0;
			shellPath = /bin/sh;
			shellScript = "diff \"${PODS_PODFILE_DIR_PATH}/Podfile.lock\" \"${PODS_ROOT}/Manifest.lock\" > /dev/null\nif [ $? != 0 ] ; then\n    # print error to STDERR\n    echo \"error: The sandbox is not in sync with the Podfile.lock. Run 'pod install' or update your CocoaPods installation.\" >&2\n    exit 1\nfi\n# This output is used by Xcode 'outputs' to avoid re-running this script phase.\necho \"SUCCESS\" > \"${SCRIPT_OUTPUT_FILE_0}\"\n";
			showEnvVarsInLog = 0;
		};
/* End PBXShellScriptBuildPhase section */

/* Begin PBXSourcesBuildPhase section */
		668E3B142428C22D0049BF7C /* Sources */ = {
			isa = PBXSourcesBuildPhase;
			buildActionMask = 2147483647;
			files = (
				668E3B1C2428C22D0049BF7C /* AppDelegate.swift in Sources */,
				668E3B54242968EA0049BF7C /* ServerConfiguration.swift in Sources */,
				668E3B58242973670049BF7C /* ChatViewController.swift in Sources */,
				668E3B492428FA790049BF7C /* RemoteChatbotServer.swift in Sources */,
				668E3B372428C77E0049BF7C /* Router.swift in Sources */,
				66E7C0F4242B58EC00CAB275 /* MessageSelectionField.swift in Sources */,
				66E7C0F6242B58F900CAB275 /* MessageTextField.swift in Sources */,
				668E3B352428C5B60049BF7C /* Handlers.swift in Sources */,
				668E3B52242966CA0049BF7C /* Chatbot.swift in Sources */,
				668E3B5A2429803A0049BF7C /* ChatBubbleTableViewCell.swift in Sources */,
				668E3B4E242966690049BF7C /* Questionnaire.swift in Sources */,
				668E3B50242966A00049BF7C /* WelcomeBot.swift in Sources */,
				668E3B392428D9880049BF7C /* ChatbotWebApp.swift in Sources */,
				668E3B622429C1BC0049BF7C /* botTypingCell.swift in Sources */,
				668E3B1E2428C22D0049BF7C /* SceneDelegate.swift in Sources */,
				66E7C0EB242B3B6A00CAB275 /* XibView.swift in Sources */,
				66E7C0F9242B621400CAB275 /* UIViewExtensions.swift in Sources */,
				66E7C0E9242A845A00CAB275 /* MessageInputField.swift in Sources */,
			);
			runOnlyForDeploymentPostprocessing = 0;
		};
		668E3B3A2428DB980049BF7C /* Sources */ = {
			isa = PBXSourcesBuildPhase;
			buildActionMask = 2147483647;
			files = (
				668E3B4C242905C90049BF7C /* MockLocalChatbotServerTests.swift in Sources */,
			);
			runOnlyForDeploymentPostprocessing = 0;
		};
/* End PBXSourcesBuildPhase section */

/* Begin PBXTargetDependency section */
		668E3B442428DB980049BF7C /* PBXTargetDependency */ = {
			isa = PBXTargetDependency;
			target = 668E3B172428C22D0049BF7C /* Chatbot */;
			targetProxy = 668E3B432428DB980049BF7C /* PBXContainerItemProxy */;
		};
/* End PBXTargetDependency section */

/* Begin PBXVariantGroup section */
		668E3B262428C22F0049BF7C /* LaunchScreen.storyboard */ = {
			isa = PBXVariantGroup;
			children = (
				668E3B272428C22F0049BF7C /* Base */,
			);
			name = LaunchScreen.storyboard;
			sourceTree = "<group>";
		};
/* End PBXVariantGroup section */

/* Begin XCBuildConfiguration section */
		668E3B2A2428C22F0049BF7C /* Debug */ = {
			isa = XCBuildConfiguration;
			buildSettings = {
				ALWAYS_SEARCH_USER_PATHS = NO;
				CLANG_ANALYZER_NONNULL = YES;
				CLANG_ANALYZER_NUMBER_OBJECT_CONVERSION = YES_AGGRESSIVE;
				CLANG_CXX_LANGUAGE_STANDARD = "gnu++14";
				CLANG_CXX_LIBRARY = "libc++";
				CLANG_ENABLE_MODULES = YES;
				CLANG_ENABLE_OBJC_ARC = YES;
				CLANG_ENABLE_OBJC_WEAK = YES;
				CLANG_WARN_BLOCK_CAPTURE_AUTORELEASING = YES;
				CLANG_WARN_BOOL_CONVERSION = YES;
				CLANG_WARN_COMMA = YES;
				CLANG_WARN_CONSTANT_CONVERSION = YES;
				CLANG_WARN_DEPRECATED_OBJC_IMPLEMENTATIONS = YES;
				CLANG_WARN_DIRECT_OBJC_ISA_USAGE = YES_ERROR;
				CLANG_WARN_DOCUMENTATION_COMMENTS = YES;
				CLANG_WARN_EMPTY_BODY = YES;
				CLANG_WARN_ENUM_CONVERSION = YES;
				CLANG_WARN_INFINITE_RECURSION = YES;
				CLANG_WARN_INT_CONVERSION = YES;
				CLANG_WARN_NON_LITERAL_NULL_CONVERSION = YES;
				CLANG_WARN_OBJC_IMPLICIT_RETAIN_SELF = YES;
				CLANG_WARN_OBJC_LITERAL_CONVERSION = YES;
				CLANG_WARN_OBJC_ROOT_CLASS = YES_ERROR;
				CLANG_WARN_RANGE_LOOP_ANALYSIS = YES;
				CLANG_WARN_STRICT_PROTOTYPES = YES;
				CLANG_WARN_SUSPICIOUS_MOVE = YES;
				CLANG_WARN_UNGUARDED_AVAILABILITY = YES_AGGRESSIVE;
				CLANG_WARN_UNREACHABLE_CODE = YES;
				CLANG_WARN__DUPLICATE_METHOD_MATCH = YES;
				COPY_PHASE_STRIP = NO;
				DEBUG_INFORMATION_FORMAT = dwarf;
				ENABLE_STRICT_OBJC_MSGSEND = YES;
				ENABLE_TESTABILITY = YES;
				GCC_C_LANGUAGE_STANDARD = gnu11;
				GCC_DYNAMIC_NO_PIC = NO;
				GCC_NO_COMMON_BLOCKS = YES;
				GCC_OPTIMIZATION_LEVEL = 0;
				GCC_PREPROCESSOR_DEFINITIONS = (
					"DEBUG=1",
					"$(inherited)",
				);
				GCC_WARN_64_TO_32_BIT_CONVERSION = YES;
				GCC_WARN_ABOUT_RETURN_TYPE = YES_ERROR;
				GCC_WARN_UNDECLARED_SELECTOR = YES;
				GCC_WARN_UNINITIALIZED_AUTOS = YES_AGGRESSIVE;
				GCC_WARN_UNUSED_FUNCTION = YES;
				GCC_WARN_UNUSED_VARIABLE = YES;
				IPHONEOS_DEPLOYMENT_TARGET = 13.2;
				MTL_ENABLE_DEBUG_INFO = INCLUDE_SOURCE;
				MTL_FAST_MATH = YES;
				ONLY_ACTIVE_ARCH = YES;
				SDKROOT = iphoneos;
				SWIFT_ACTIVE_COMPILATION_CONDITIONS = DEBUG;
				SWIFT_OPTIMIZATION_LEVEL = "-Onone";
			};
			name = Debug;
		};
		668E3B2B2428C22F0049BF7C /* Release */ = {
			isa = XCBuildConfiguration;
			buildSettings = {
				ALWAYS_SEARCH_USER_PATHS = NO;
				CLANG_ANALYZER_NONNULL = YES;
				CLANG_ANALYZER_NUMBER_OBJECT_CONVERSION = YES_AGGRESSIVE;
				CLANG_CXX_LANGUAGE_STANDARD = "gnu++14";
				CLANG_CXX_LIBRARY = "libc++";
				CLANG_ENABLE_MODULES = YES;
				CLANG_ENABLE_OBJC_ARC = YES;
				CLANG_ENABLE_OBJC_WEAK = YES;
				CLANG_WARN_BLOCK_CAPTURE_AUTORELEASING = YES;
				CLANG_WARN_BOOL_CONVERSION = YES;
				CLANG_WARN_COMMA = YES;
				CLANG_WARN_CONSTANT_CONVERSION = YES;
				CLANG_WARN_DEPRECATED_OBJC_IMPLEMENTATIONS = YES;
				CLANG_WARN_DIRECT_OBJC_ISA_USAGE = YES_ERROR;
				CLANG_WARN_DOCUMENTATION_COMMENTS = YES;
				CLANG_WARN_EMPTY_BODY = YES;
				CLANG_WARN_ENUM_CONVERSION = YES;
				CLANG_WARN_INFINITE_RECURSION = YES;
				CLANG_WARN_INT_CONVERSION = YES;
				CLANG_WARN_NON_LITERAL_NULL_CONVERSION = YES;
				CLANG_WARN_OBJC_IMPLICIT_RETAIN_SELF = YES;
				CLANG_WARN_OBJC_LITERAL_CONVERSION = YES;
				CLANG_WARN_OBJC_ROOT_CLASS = YES_ERROR;
				CLANG_WARN_RANGE_LOOP_ANALYSIS = YES;
				CLANG_WARN_STRICT_PROTOTYPES = YES;
				CLANG_WARN_SUSPICIOUS_MOVE = YES;
				CLANG_WARN_UNGUARDED_AVAILABILITY = YES_AGGRESSIVE;
				CLANG_WARN_UNREACHABLE_CODE = YES;
				CLANG_WARN__DUPLICATE_METHOD_MATCH = YES;
				COPY_PHASE_STRIP = NO;
				DEBUG_INFORMATION_FORMAT = "dwarf-with-dsym";
				ENABLE_NS_ASSERTIONS = NO;
				ENABLE_STRICT_OBJC_MSGSEND = YES;
				GCC_C_LANGUAGE_STANDARD = gnu11;
				GCC_NO_COMMON_BLOCKS = YES;
				GCC_WARN_64_TO_32_BIT_CONVERSION = YES;
				GCC_WARN_ABOUT_RETURN_TYPE = YES_ERROR;
				GCC_WARN_UNDECLARED_SELECTOR = YES;
				GCC_WARN_UNINITIALIZED_AUTOS = YES_AGGRESSIVE;
				GCC_WARN_UNUSED_FUNCTION = YES;
				GCC_WARN_UNUSED_VARIABLE = YES;
				IPHONEOS_DEPLOYMENT_TARGET = 13.2;
				MTL_ENABLE_DEBUG_INFO = NO;
				MTL_FAST_MATH = YES;
				SDKROOT = iphoneos;
				SWIFT_COMPILATION_MODE = wholemodule;
				SWIFT_OPTIMIZATION_LEVEL = "-O";
				VALIDATE_PRODUCT = YES;
			};
			name = Release;
		};
		668E3B2D2428C22F0049BF7C /* Debug */ = {
			isa = XCBuildConfiguration;
			baseConfigurationReference = 4D732E4144355E7677D53A9C /* Pods-Chatbot.debug.xcconfig */;
			buildSettings = {
				ASSETCATALOG_COMPILER_APPICON_NAME = AppIcon;
				CODE_SIGN_STYLE = Automatic;
				DEVELOPMENT_TEAM = QNT889H433;
				INFOPLIST_FILE = Chatbot/Info.plist;
				IPHONEOS_DEPLOYMENT_TARGET = 13.0;
				LD_RUNPATH_SEARCH_PATHS = (
					"$(inherited)",
					"@executable_path/Frameworks",
				);
				PRODUCT_BUNDLE_IDENTIFIER = com.turzion.Chatbot;
				PRODUCT_NAME = "$(TARGET_NAME)";
				SWIFT_VERSION = 5.0;
				TARGETED_DEVICE_FAMILY = "1,2";
			};
			name = Debug;
		};
		668E3B2E2428C22F0049BF7C /* Release */ = {
			isa = XCBuildConfiguration;
			baseConfigurationReference = 5F0D7D6E846B27CB370456E6 /* Pods-Chatbot.release.xcconfig */;
			buildSettings = {
				ASSETCATALOG_COMPILER_APPICON_NAME = AppIcon;
				CODE_SIGN_STYLE = Automatic;
				DEVELOPMENT_TEAM = QNT889H433;
				INFOPLIST_FILE = Chatbot/Info.plist;
				IPHONEOS_DEPLOYMENT_TARGET = 13.0;
				LD_RUNPATH_SEARCH_PATHS = (
					"$(inherited)",
					"@executable_path/Frameworks",
				);
				PRODUCT_BUNDLE_IDENTIFIER = com.turzion.Chatbot;
				PRODUCT_NAME = "$(TARGET_NAME)";
				SWIFT_VERSION = 5.0;
				TARGETED_DEVICE_FAMILY = "1,2";
			};
			name = Release;
		};
		668E3B462428DB980049BF7C /* Debug */ = {
			isa = XCBuildConfiguration;
			baseConfigurationReference = 244E51AE3BC73B9E5343E162 /* Pods-ChatbotTests.debug.xcconfig */;
			buildSettings = {
				BUNDLE_LOADER = "$(TEST_HOST)";
				CLANG_ENABLE_MODULES = YES;
				CODE_SIGN_STYLE = Automatic;
				DEVELOPMENT_TEAM = QNT889H433;
				INFOPLIST_FILE = ChatbotTests/Info.plist;
				LD_RUNPATH_SEARCH_PATHS = (
					"$(inherited)",
					"@executable_path/Frameworks",
					"@loader_path/Frameworks",
				);
				PRODUCT_BUNDLE_IDENTIFIER = com.turzion.ChatbotTests;
				PRODUCT_NAME = "$(TARGET_NAME)";
				SWIFT_OBJC_BRIDGING_HEADER = "ChatbotTests/ChatbotTests-Bridging-Header.h";
				SWIFT_OPTIMIZATION_LEVEL = "-Onone";
				SWIFT_VERSION = 5.0;
				TARGETED_DEVICE_FAMILY = "1,2";
				TEST_HOST = "$(BUILT_PRODUCTS_DIR)/Chatbot.app/Chatbot";
			};
			name = Debug;
		};
		668E3B472428DB980049BF7C /* Release */ = {
			isa = XCBuildConfiguration;
			baseConfigurationReference = 55A771E169D5861BD30420DF /* Pods-ChatbotTests.release.xcconfig */;
			buildSettings = {
				BUNDLE_LOADER = "$(TEST_HOST)";
				CLANG_ENABLE_MODULES = YES;
				CODE_SIGN_STYLE = Automatic;
				DEVELOPMENT_TEAM = QNT889H433;
				INFOPLIST_FILE = ChatbotTests/Info.plist;
				LD_RUNPATH_SEARCH_PATHS = (
					"$(inherited)",
					"@executable_path/Frameworks",
					"@loader_path/Frameworks",
				);
				PRODUCT_BUNDLE_IDENTIFIER = com.turzion.ChatbotTests;
				PRODUCT_NAME = "$(TARGET_NAME)";
				SWIFT_OBJC_BRIDGING_HEADER = "ChatbotTests/ChatbotTests-Bridging-Header.h";
				SWIFT_VERSION = 5.0;
				TARGETED_DEVICE_FAMILY = "1,2";
				TEST_HOST = "$(BUILT_PRODUCTS_DIR)/Chatbot.app/Chatbot";
			};
			name = Release;
		};
/* End XCBuildConfiguration section */

/* Begin XCConfigurationList section */
		668E3B132428C22D0049BF7C /* Build configuration list for PBXProject "Chatbot" */ = {
			isa = XCConfigurationList;
			buildConfigurations = (
				668E3B2A2428C22F0049BF7C /* Debug */,
				668E3B2B2428C22F0049BF7C /* Release */,
			);
			defaultConfigurationIsVisible = 0;
			defaultConfigurationName = Release;
		};
		668E3B2C2428C22F0049BF7C /* Build configuration list for PBXNativeTarget "Chatbot" */ = {
			isa = XCConfigurationList;
			buildConfigurations = (
				668E3B2D2428C22F0049BF7C /* Debug */,
				668E3B2E2428C22F0049BF7C /* Release */,
			);
			defaultConfigurationIsVisible = 0;
			defaultConfigurationName = Release;
		};
		668E3B452428DB980049BF7C /* Build configuration list for PBXNativeTarget "ChatbotTests" */ = {
			isa = XCConfigurationList;
			buildConfigurations = (
				668E3B462428DB980049BF7C /* Debug */,
				668E3B472428DB980049BF7C /* Release */,
			);
			defaultConfigurationIsVisible = 0;
			defaultConfigurationName = Release;
		};
/* End XCConfigurationList section */
	};
	rootObject = 668E3B102428C22D0049BF7C /* Project object */;
}
